
Microsoft Visual Studio Solution File, Format Version 12.00
# Visual Studio 15
VisualStudioVersion = 15.0.26430.15
MinimumVisualStudioVersion = 10.0.40219.1
Project("{FAE04EC0-301F-11D3-BF4B-00C04F79EFBC}") = "local_transform", "WindowsFormsApp1\local_transform.csproj", "{D5957513-0043-48FF-A972-404D3A941E1D}"
EndProject
Project("{FAE04EC0-301F-11D3-BF4B-00C04F79EFBC}") = "global_transform", "global_transform\global_transform.csproj", "{D13C69D9-883F-459D-AD87-33BA0DECD0FF}"
EndProject
Project("{FAE04EC0-301F-11D3-BF4B-00C04F79EFBC}") = "image_transform", "image_transform\image_transform.csproj", "{F9B5155B-75CB-4988-83F5-903C9A8C41A4}"
EndProject
Global
	GlobalSection(SolutionConfigurationPlatforms) = preSolution
		Debug|Any CPU = Debug|Any CPU
		Release|Any CPU = Release|Any CPU
	EndGlobalSection
	GlobalSection(ProjectConfigurationPlatforms) = postSolution
		{D5957513-0043-48FF-A972-404D3A941E1D}.Debug|Any CPU.ActiveCfg = Debug|Any CPU
		{D5957513-0043-48FF-A972-404D3A941E1D}.Debug|Any CPU.Build.0 = Debug|Any CPU
		{D5957513-0043-48FF-A972-404D3A941E1D}.Release|Any CPU.ActiveCfg = Release|Any CPU
		{D5957513-0043-48FF-A972-404D3A941E1D}.Release|Any CPU.Build.0 = Release|Any CPU
		{D13C69D9-883F-459D-AD87-33BA0DECD0FF}.Debug|Any CPU.ActiveCfg = Debug|Any CPU
		{D13C69D9-883F-459D-AD87-33BA0DECD0FF}.Debug|Any CPU.Build.0 = Debug|Any CPU
		{D13C69D9-883F-459D-AD87-33BA0DECD0FF}.Release|Any CPU.ActiveCfg = Release|Any CPU
		{D13C69D9-883F-459D-AD87-33BA0DECD0FF}.Release|Any CPU.Build.0 = Release|Any CPU
		{F9B5155B-75CB-4988-83F5-903C9A8C41A4}.Debug|Any CPU.ActiveCfg = Debug|Any CPU
		{F9B5155B-75CB-4988-83F5-903C9A8C41A4}.Debug|Any CPU.Build.0 = Debug|Any CPU
		{F9B5155B-75CB-4988-83F5-903C9A8C41A4}.Release|Any CPU.ActiveCfg = Release|Any CPU
		{F9B5155B-75CB-4988-83F5-903C9A8C41A4}.Release|Any CPU.Build.0 = Release|Any CPU
	EndGlobalSection
	GlobalSection(SolutionProperties) = preSolution
		HideSolutionNode = FALSE
	EndGlobalSection
EndGlobal
